
Microsoft Visual Studio Solution File, Format Version 12.00
# Visual Studio 15
Project("{FAE04EC0-301F-11D3-BF4B-00C04F79EFBC}") = "RaduOrderBook", "RaduOrderBook\RaduOrderBook.csproj", "{68F00EA3-28E1-4DCC-AC37-31FB99F9D08C}"
EndProject
Project("{FAE04EC0-301F-11D3-BF4B-00C04F79EFBC}") = "RaduOrderBookTests", "RaduOrderBookTests\RaduOrderBookTests.csproj", "{6C269359-0646-401C-B453-2C11FF3F16EA}"
EndProject
Global
	GlobalSection(SolutionConfigurationPlatforms) = preSolution
		Debug|Any CPU = Debug|Any CPU
		Release|Any CPU = Release|Any CPU
	EndGlobalSection
	GlobalSection(ProjectConfigurationPlatforms) = postSolution
		{68F00EA3-28E1-4DCC-AC37-31FB99F9D08C}.Debug|Any CPU.ActiveCfg = Debug|Any CPU
		{68F00EA3-28E1-4DCC-AC37-31FB99F9D08C}.Debug|Any CPU.Build.0 = Debug|Any CPU
		{68F00EA3-28E1-4DCC-AC37-31FB99F9D08C}.Release|Any CPU.ActiveCfg = Release|Any CPU
		{68F00EA3-28E1-4DCC-AC37-31FB99F9D08C}.Release|Any CPU.Build.0 = Release|Any CPU
		{6C269359-0646-401C-B453-2C11FF3F16EA}.Debug|Any CPU.ActiveCfg = Debug|Any CPU
		{6C269359-0646-401C-B453-2C11FF3F16EA}.Debug|Any CPU.Build.0 = Debug|Any CPU
		{6C269359-0646-401C-B453-2C11FF3F16EA}.Release|Any CPU.ActiveCfg = Release|Any CPU
		{6C269359-0646-401C-B453-2C11FF3F16EA}.Release|Any CPU.Build.0 = Release|Any CPU
	EndGlobalSection
EndGlobal
